
Microsoft Visual Studio Solution File, Format Version 12.00
# Visual Studio 15
VisualStudioVersion = 15.0.28307.1169
MinimumVisualStudioVersion = 10.0.40219.1
Project("{FAE04EC0-301F-11D3-BF4B-00C04F79EFBC}") = "OnlineBurgerApp", "OnlineBurgerApp\OnlineBurgerApp.csproj", "{E22267FF-2C42-4388-88DB-D13D845B6FAE}"
EndProject
Project("{FAE04EC0-301F-11D3-BF4B-00C04F79EFBC}") = "OnlineBurgerApp.Data", "OnlineBurgerApp.Data\OnlineBurgerApp.Data.csproj", "{5ABF13E8-5B4D-417F-B4CB-9B5CBF3F5975}"
EndProject
Project("{FAE04EC0-301F-11D3-BF4B-00C04F79EFBC}") = "OnlineBurgerApp.Services", "OnlineBurgerApp.Services\OnlineBurgerApp.Services.csproj", "{D68C6CF8-60D6-407A-8295-CA136E3C199C}"
EndProject
Global
	GlobalSection(SolutionConfigurationPlatforms) = preSolution
		Debug|Any CPU = Debug|Any CPU
		Release|Any CPU = Release|Any CPU
	EndGlobalSection
	GlobalSection(ProjectConfigurationPlatforms) = postSolution
		{E22267FF-2C42-4388-88DB-D13D845B6FAE}.Debug|Any CPU.ActiveCfg = Debug|Any CPU
		{E22267FF-2C42-4388-88DB-D13D845B6FAE}.Debug|Any CPU.Build.0 = Debug|Any CPU
		{E22267FF-2C42-4388-88DB-D13D845B6FAE}.Release|Any CPU.ActiveCfg = Release|Any CPU
		{E22267FF-2C42-4388-88DB-D13D845B6FAE}.Release|Any CPU.Build.0 = Release|Any CPU
		{5ABF13E8-5B4D-417F-B4CB-9B5CBF3F5975}.Debug|Any CPU.ActiveCfg = Debug|Any CPU
		{5ABF13E8-5B4D-417F-B4CB-9B5CBF3F5975}.Debug|Any CPU.Build.0 = Debug|Any CPU
		{5ABF13E8-5B4D-417F-B4CB-9B5CBF3F5975}.Release|Any CPU.ActiveCfg = Release|Any CPU
		{5ABF13E8-5B4D-417F-B4CB-9B5CBF3F5975}.Release|Any CPU.Build.0 = Release|Any CPU
		{D68C6CF8-60D6-407A-8295-CA136E3C199C}.Debug|Any CPU.ActiveCfg = Debug|Any CPU
		{D68C6CF8-60D6-407A-8295-CA136E3C199C}.Debug|Any CPU.Build.0 = Debug|Any CPU
		{D68C6CF8-60D6-407A-8295-CA136E3C199C}.Release|Any CPU.ActiveCfg = Release|Any CPU
		{D68C6CF8-60D6-407A-8295-CA136E3C199C}.Release|Any CPU.Build.0 = Release|Any CPU
	EndGlobalSection
	GlobalSection(SolutionProperties) = preSolution
		HideSolutionNode = FALSE
	EndGlobalSection
	GlobalSection(ExtensibilityGlobals) = postSolution
		SolutionGuid = {233F146C-B5E8-41E6-BDD2-9265BDC3377D}
	EndGlobalSection
EndGlobal
